
Microsoft Visual Studio Solution File, Format Version 12.00
# Visual Studio Version 16
VisualStudioVersion = 16.0.30517.126
MinimumVisualStudioVersion = 10.0.40219.1
Project("{FAE04EC0-301F-11D3-BF4B-00C04F79EFBC}") = "FrozenOOPIndependent", "FrozenOOPIndependent\FrozenOOPIndependent.csproj", "{57EC8FBE-6E66-4DCD-A85F-62E8D6BEF6FB}"
EndProject
Project("{FAE04EC0-301F-11D3-BF4B-00C04F79EFBC}") = "FrozenFive", "ConsoleApp1\FrozenFive.csproj", "{0B8EA3C0-2AD6-4052-B4CD-F3F6C104B9A8}"
EndProject
Global
	GlobalSection(SolutionConfigurationPlatforms) = preSolution
		Debug|Any CPU = Debug|Any CPU
		Release|Any CPU = Release|Any CPU
	EndGlobalSection
	GlobalSection(ProjectConfigurationPlatforms) = postSolution
		{57EC8FBE-6E66-4DCD-A85F-62E8D6BEF6FB}.Debug|Any CPU.ActiveCfg = Debug|Any CPU
		{57EC8FBE-6E66-4DCD-A85F-62E8D6BEF6FB}.Debug|Any CPU.Build.0 = Debug|Any CPU
		{57EC8FBE-6E66-4DCD-A85F-62E8D6BEF6FB}.Release|Any CPU.ActiveCfg = Release|Any CPU
		{57EC8FBE-6E66-4DCD-A85F-62E8D6BEF6FB}.Release|Any CPU.Build.0 = Release|Any CPU
		{0B8EA3C0-2AD6-4052-B4CD-F3F6C104B9A8}.Debug|Any CPU.ActiveCfg = Debug|Any CPU
		{0B8EA3C0-2AD6-4052-B4CD-F3F6C104B9A8}.Debug|Any CPU.Build.0 = Debug|Any CPU
		{0B8EA3C0-2AD6-4052-B4CD-F3F6C104B9A8}.Release|Any CPU.ActiveCfg = Release|Any CPU
		{0B8EA3C0-2AD6-4052-B4CD-F3F6C104B9A8}.Release|Any CPU.Build.0 = Release|Any CPU
	EndGlobalSection
	GlobalSection(SolutionProperties) = preSolution
		HideSolutionNode = FALSE
	EndGlobalSection
	GlobalSection(ExtensibilityGlobals) = postSolution
		SolutionGuid = {F27A3FEC-9A8E-49C5-B589-E686AAFF9D72}
	EndGlobalSection
EndGlobal
